// !$*UTF8*$!
{
	archiveVersion = 1;
	classes = {
	};
	objectVersion = 50;
	objects = {

/* Begin PBXBuildFile section */
		32B06D2726F3628600EA3EE3 /* AppDelegate.swift in Sources */ = {isa = PBXBuildFile; fileRef = 32B06D2626F3628600EA3EE3 /* AppDelegate.swift */; };
		32B06D2926F3628600EA3EE3 /* SceneDelegate.swift in Sources */ = {isa = PBXBuildFile; fileRef = 32B06D2826F3628600EA3EE3 /* SceneDelegate.swift */; };
		32B06D2B26F3628600EA3EE3 /* ViewController.swift in Sources */ = {isa = PBXBuildFile; fileRef = 32B06D2A26F3628600EA3EE3 /* ViewController.swift */; };
		32B06D2E26F3628600EA3EE3 /* Main.storyboard in Resources */ = {isa = PBXBuildFile; fileRef = 32B06D2C26F3628600EA3EE3 /* Main.storyboard */; };
		32B06D3026F3628800EA3EE3 /* Assets.xcassets in Resources */ = {isa = PBXBuildFile; fileRef = 32B06D2F26F3628800EA3EE3 /* Assets.xcassets */; };
		32B06D3326F3628800EA3EE3 /* LaunchScreen.storyboard in Resources */ = {isa = PBXBuildFile; fileRef = 32B06D3126F3628800EA3EE3 /* LaunchScreen.storyboard */; };
		32B06D3E26F3628900EA3EE3 /* P5_Word_ScrambleTests.swift in Sources */ = {isa = PBXBuildFile; fileRef = 32B06D3D26F3628900EA3EE3 /* P5_Word_ScrambleTests.swift */; };
		32B06D4926F3628900EA3EE3 /* P5_Word_ScrambleUITests.swift in Sources */ = {isa = PBXBuildFile; fileRef = 32B06D4826F3628900EA3EE3 /* P5_Word_ScrambleUITests.swift */; };
/* End PBXBuildFile section */

/* Begin PBXContainerItemProxy section */
		32B06D3A26F3628900EA3EE3 /* PBXContainerItemProxy */ = {
			isa = PBXContainerItemProxy;
			containerPortal = 32B06D1B26F3628600EA3EE3 /* Project object */;
			proxyType = 1;
			remoteGlobalIDString = 32B06D2226F3628600EA3EE3;
			remoteInfo = "P5.Word Scramble";
		};
		32B06D4526F3628900EA3EE3 /* PBXContainerItemProxy */ = {
			isa = PBXContainerItemProxy;
			containerPortal = 32B06D1B26F3628600EA3EE3 /* Project object */;
			proxyType = 1;
			remoteGlobalIDString = 32B06D2226F3628600EA3EE3;
			remoteInfo = "P5.Word Scramble";
		};
/* End PBXContainerItemProxy section */

/* Begin PBXFileReference section */
		32B06D2326F3628600EA3EE3 /* P5.Word Scramble.app */ = {isa = PBXFileReference; explicitFileType = wrapper.application; includeInIndex = 0; path = "P5.Word Scramble.app"; sourceTree = BUILT_PRODUCTS_DIR; };
		32B06D2626F3628600EA3EE3 /* AppDelegate.swift */ = {isa = PBXFileReference; lastKnownFileType = sourcecode.swift; path = AppDelegate.swift; sourceTree = "<group>"; };
		32B06D2826F3628600EA3EE3 /* SceneDelegate.swift */ = {isa = PBXFileReference; lastKnownFileType = sourcecode.swift; path = SceneDelegate.swift; sourceTree = "<group>"; };
		32B06D2A26F3628600EA3EE3 /* ViewController.swift */ = {isa = PBXFileReference; lastKnownFileType = sourcecode.swift; path = ViewController.swift; sourceTree = "<group>"; };
		32B06D2D26F3628600EA3EE3 /* Base */ = {isa = PBXFileReference; lastKnownFileType = file.storyboard; name = Base; path = Base.lproj/Main.storyboard; sourceTree = "<group>"; };
		32B06D2F26F3628800EA3EE3 /* Assets.xcassets */ = {isa = PBXFileReference; lastKnownFileType = folder.assetcatalog; path = Assets.xcassets; sourceTree = "<group>"; };
		32B06D3226F3628800EA3EE3 /* Base */ = {isa = PBXFileReference; lastKnownFileType = file.storyboard; name = Base; path = Base.lproj/LaunchScreen.storyboard; sourceTree = "<group>"; };
		32B06D3426F3628800EA3EE3 /* Info.plist */ = {isa = PBXFileReference; lastKnownFileType = text.plist.xml; path = Info.plist; sourceTree = "<group>"; };
		32B06D3926F3628900EA3EE3 /* P5.Word ScrambleTests.xctest */ = {isa = PBXFileReference; explicitFileType = wrapper.cfbundle; includeInIndex = 0; path = "P5.Word ScrambleTests.xctest"; sourceTree = BUILT_PRODUCTS_DIR; };
		32B06D3D26F3628900EA3EE3 /* P5_Word_ScrambleTests.swift */ = {isa = PBXFileReference; lastKnownFileType = sourcecode.swift; path = P5_Word_ScrambleTests.swift; sourceTree = "<group>"; };
		32B06D3F26F3628900EA3EE3 /* Info.plist */ = {isa = PBXFileReference; lastKnownFileType = text.plist.xml; path = Info.plist; sourceTree = "<group>"; };
		32B06D4426F3628900EA3EE3 /* P5.Word ScrambleUITests.xctest */ = {isa = PBXFileReference; explicitFileType = wrapper.cfbundle; includeInIndex = 0; path = "P5.Word ScrambleUITests.xctest"; sourceTree = BUILT_PRODUCTS_DIR; };
		32B06D4826F3628900EA3EE3 /* P5_Word_ScrambleUITests.swift */ = {isa = PBXFileReference; lastKnownFileType = sourcecode.swift; path = P5_Word_ScrambleUITests.swift; sourceTree = "<group>"; };
		32B06D4A26F3628900EA3EE3 /* Info.plist */ = {isa = PBXFileReference; lastKnownFileType = text.plist.xml; path = Info.plist; sourceTree = "<group>"; };
/* End PBXFileReference section */

/* Begin PBXFrameworksBuildPhase section */
		32B06D2026F3628600EA3EE3 /* Frameworks */ = {
			isa = PBXFrameworksBuildPhase;
			buildActionMask = 2147483647;
			files = (
			);
			runOnlyForDeploymentPostprocessing = 0;
		};
		32B06D3626F3628900EA3EE3 /* Frameworks */ = {
			isa = PBXFrameworksBuildPhase;
			buildActionMask = 2147483647;
			files = (
			);
			runOnlyForDeploymentPostprocessing = 0;
		};
		32B06D4126F3628900EA3EE3 /* Frameworks */ = {
			isa = PBXFrameworksBuildPhase;
			buildActionMask = 2147483647;
			files = (
			);
			runOnlyForDeploymentPostprocessing = 0;
		};
/* End PBXFrameworksBuildPhase section */

/* Begin PBXGroup section */
		32B06D1A26F3628600EA3EE3 = {
			isa = PBXGroup;
			children = (
				32B06D2526F3628600EA3EE3 /* P5.Word Scramble */,
				32B06D3C26F3628900EA3EE3 /* P5.Word ScrambleTests */,
				32B06D4726F3628900EA3EE3 /* P5.Word ScrambleUITests */,
				32B06D2426F3628600EA3EE3 /* Products */,
			);
			sourceTree = "<group>";
		};
		32B06D2426F3628600EA3EE3 /* Products */ = {
			isa = PBXGroup;
			children = (
				32B06D2326F3628600EA3EE3 /* P5.Word Scramble.app */,
				32B06D3926F3628900EA3EE3 /* P5.Word ScrambleTests.xctest */,
				32B06D4426F3628900EA3EE3 /* P5.Word ScrambleUITests.xctest */,
			);
			name = Products;
			sourceTree = "<group>";
		};
		32B06D2526F3628600EA3EE3 /* P5.Word Scramble */ = {
			isa = PBXGroup;
			children = (
				32B06D2626F3628600EA3EE3 /* AppDelegate.swift */,
				32B06D2826F3628600EA3EE3 /* SceneDelegate.swift */,
				32B06D2A26F3628600EA3EE3 /* ViewController.swift */,
				32B06D2C26F3628600EA3EE3 /* Main.storyboard */,
				32B06D2F26F3628800EA3EE3 /* Assets.xcassets */,
				32B06D3126F3628800EA3EE3 /* LaunchScreen.storyboard */,
				32B06D3426F3628800EA3EE3 /* Info.plist */,
			);
			path = "P5.Word Scramble";
			sourceTree = "<group>";
		};
		32B06D3C26F3628900EA3EE3 /* P5.Word ScrambleTests */ = {
			isa = PBXGroup;
			children = (
				32B06D3D26F3628900EA3EE3 /* P5_Word_ScrambleTests.swift */,
				32B06D3F26F3628900EA3EE3 /* Info.plist */,
			);
			path = "P5.Word ScrambleTests";
			sourceTree = "<group>";
		};
		32B06D4726F3628900EA3EE3 /* P5.Word ScrambleUITests */ = {
			isa = PBXGroup;
			children = (
				32B06D4826F3628900EA3EE3 /* P5_Word_ScrambleUITests.swift */,
				32B06D4A26F3628900EA3EE3 /* Info.plist */,
			);
			path = "P5.Word ScrambleUITests";
			sourceTree = "<group>";
		};
/* End PBXGroup section */

/* Begin PBXNativeTarget section */
		32B06D2226F3628600EA3EE3 /* P5.Word Scramble */ = {
			isa = PBXNativeTarget;
			buildConfigurationList = 32B06D4D26F3628900EA3EE3 /* Build configuration list for PBXNativeTarget "P5.Word Scramble" */;
			buildPhases = (
				32B06D1F26F3628600EA3EE3 /* Sources */,
				32B06D2026F3628600EA3EE3 /* Frameworks */,
				32B06D2126F3628600EA3EE3 /* Resources */,
			);
			buildRules = (
			);
			dependencies = (
			);
			name = "P5.Word Scramble";
			productName = "P5.Word Scramble";
			productReference = 32B06D2326F3628600EA3EE3 /* P5.Word Scramble.app */;
			productType = "com.apple.product-type.application";
		};
		32B06D3826F3628900EA3EE3 /* P5.Word ScrambleTests */ = {
			isa = PBXNativeTarget;
			buildConfigurationList = 32B06D5026F3628900EA3EE3 /* Build configuration list for PBXNativeTarget "P5.Word ScrambleTests" */;
			buildPhases = (
				32B06D3526F3628900EA3EE3 /* Sources */,
				32B06D3626F3628900EA3EE3 /* Frameworks */,
				32B06D3726F3628900EA3EE3 /* Resources */,
			);
			buildRules = (
			);
			dependencies = (
				32B06D3B26F3628900EA3EE3 /* PBXTargetDependency */,
			);
			name = "P5.Word ScrambleTests";
			productName = "P5.Word ScrambleTests";
			productReference = 32B06D3926F3628900EA3EE3 /* P5.Word ScrambleTests.xctest */;
			productType = "com.apple.product-type.bundle.unit-test";
		};
		32B06D4326F3628900EA3EE3 /* P5.Word ScrambleUITests */ = {
			isa = PBXNativeTarget;
			buildConfigurationList = 32B06D5326F3628900EA3EE3 /* Build configuration list for PBXNativeTarget "P5.Word ScrambleUITests" */;
			buildPhases = (
				32B06D4026F3628900EA3EE3 /* Sources */,
				32B06D4126F3628900EA3EE3 /* Frameworks */,
				32B06D4226F3628900EA3EE3 /* Resources */,
			);
			buildRules = (
			);
			dependencies = (
				32B06D4626F3628900EA3EE3 /* PBXTargetDependency */,
			);
			name = "P5.Word ScrambleUITests";
			productName = "P5.Word ScrambleUITests";
			productReference = 32B06D4426F3628900EA3EE3 /* P5.Word ScrambleUITests.xctest */;
			productType = "com.apple.product-type.bundle.ui-testing";
		};
/* End PBXNativeTarget section */

/* Begin PBXProject section */
		32B06D1B26F3628600EA3EE3 /* Project object */ = {
			isa = PBXProject;
			attributes = {
				LastSwiftUpdateCheck = 1250;
				LastUpgradeCheck = 1250;
				TargetAttributes = {
					32B06D2226F3628600EA3EE3 = {
						CreatedOnToolsVersion = 12.5.1;
					};
					32B06D3826F3628900EA3EE3 = {
						CreatedOnToolsVersion = 12.5.1;
						TestTargetID = 32B06D2226F3628600EA3EE3;
					};
					32B06D4326F3628900EA3EE3 = {
						CreatedOnToolsVersion = 12.5.1;
						TestTargetID = 32B06D2226F3628600EA3EE3;
					};
				};
			};
			buildConfigurationList = 32B06D1E26F3628600EA3EE3 /* Build configuration list for PBXProject "P5.Word Scramble" */;
			compatibilityVersion = "Xcode 9.3";
			developmentRegion = en;
			hasScannedForEncodings = 0;
			knownRegions = (
				en,
				Base,
			);
			mainGroup = 32B06D1A26F3628600EA3EE3;
			productRefGroup = 32B06D2426F3628600EA3EE3 /* Products */;
			projectDirPath = "";
			projectRoot = "";
			targets = (
				32B06D2226F3628600EA3EE3 /* P5.Word Scramble */,
				32B06D3826F3628900EA3EE3 /* P5.Word ScrambleTests */,
				32B06D4326F3628900EA3EE3 /* P5.Word ScrambleUITests */,
			);
		};
/* End PBXProject section */

/* Begin PBXResourcesBuildPhase section */
		32B06D2126F3628600EA3EE3 /* Resources */ = {
			isa = PBXResourcesBuildPhase;
			buildActionMask = 2147483647;
			files = (
				32B06D3326F3628800EA3EE3 /* LaunchScreen.storyboard in Resources */,
				32B06D3026F3628800EA3EE3 /* Assets.xcassets in Resources */,
				32B06D2E26F3628600EA3EE3 /* Main.storyboard in Resources */,
			);
			runOnlyForDeploymentPostprocessing = 0;
		};
		32B06D3726F3628900EA3EE3 /* Resources */ = {
			isa = PBXResourcesBuildPhase;
			buildActionMask = 2147483647;
			files = (
			);
			runOnlyForDeploymentPostprocessing = 0;
		};
		32B06D4226F3628900EA3EE3 /* Resources */ = {
			isa = PBXResourcesBuildPhase;
			buildActionMask = 2147483647;
			files = (
			);
			runOnlyForDeploymentPostprocessing = 0;
		};
/* End PBXResourcesBuildPhase section */

/* Begin PBXSourcesBuildPhase section */
		32B06D1F26F3628600EA3EE3 /* Sources */ = {
			isa = PBXSourcesBuildPhase;
			buildActionMask = 2147483647;
			files = (
				32B06D2B26F3628600EA3EE3 /* ViewController.swift in Sources */,
				32B06D2726F3628600EA3EE3 /* AppDelegate.swift in Sources */,
				32B06D2926F3628600EA3EE3 /* SceneDelegate.swift in Sources */,
			);
			runOnlyForDeploymentPostprocessing = 0;
		};
		32B06D3526F3628900EA3EE3 /* Sources */ = {
			isa = PBXSourcesBuildPhase;
			buildActionMask = 2147483647;
			files = (
				32B06D3E26F3628900EA3EE3 /* P5_Word_ScrambleTests.swift in Sources */,
			);
			runOnlyForDeploymentPostprocessing = 0;
		};
		32B06D4026F3628900EA3EE3 /* Sources */ = {
			isa = PBXSourcesBuildPhase;
			buildActionMask = 2147483647;
			files = (
				32B06D4926F3628900EA3EE3 /* P5_Word_ScrambleUITests.swift in Sources */,
			);
			runOnlyForDeploymentPostprocessing = 0;
		};
/* End PBXSourcesBuildPhase section */

/* Begin PBXTargetDependency section */
		32B06D3B26F3628900EA3EE3 /* PBXTargetDependency */ = {
			isa = PBXTargetDependency;
			target = 32B06D2226F3628600EA3EE3 /* P5.Word Scramble */;
			targetProxy = 32B06D3A26F3628900EA3EE3 /* PBXContainerItemProxy */;
		};
		32B06D4626F3628900EA3EE3 /* PBXTargetDependency */ = {
			isa = PBXTargetDependency;
			target = 32B06D2226F3628600EA3EE3 /* P5.Word Scramble */;
			targetProxy = 32B06D4526F3628900EA3EE3 /* PBXContainerItemProxy */;
		};
/* End PBXTargetDependency section */

/* Begin PBXVariantGroup section */
		32B06D2C26F3628600EA3EE3 /* Main.storyboard */ = {
			isa = PBXVariantGroup;
			children = (
				32B06D2D26F3628600EA3EE3 /* Base */,
			);
			name = Main.storyboard;
			sourceTree = "<group>";
		};
		32B06D3126F3628800EA3EE3 /* LaunchScreen.storyboard */ = {
			isa = PBXVariantGroup;
			children = (
				32B06D3226F3628800EA3EE3 /* Base */,
			);
			name = LaunchScreen.storyboard;
			sourceTree = "<group>";
		};
/* End PBXVariantGroup section */

/* Begin XCBuildConfiguration section */
		32B06D4B26F3628900EA3EE3 /* Debug */ = {
			isa = XCBuildConfiguration;
			buildSettings = {
				ALWAYS_SEARCH_USER_PATHS = NO;
				CLANG_ANALYZER_NONNULL = YES;
				CLANG_ANALYZER_NUMBER_OBJECT_CONVERSION = YES_AGGRESSIVE;
				CLANG_CXX_LANGUAGE_STANDARD = "gnu++14";
				CLANG_CXX_LIBRARY = "libc++";
				CLANG_ENABLE_MODULES = YES;
				CLANG_ENABLE_OBJC_ARC = YES;
				CLANG_ENABLE_OBJC_WEAK = YES;
				CLANG_WARN_BLOCK_CAPTURE_AUTORELEASING = YES;
				CLANG_WARN_BOOL_CONVERSION = YES;
				CLANG_WARN_COMMA = YES;
				CLANG_WARN_CONSTANT_CONVERSION = YES;
				CLANG_WARN_DEPRECATED_OBJC_IMPLEMENTATIONS = YES;
				CLANG_WARN_DIRECT_OBJC_ISA_USAGE = YES_ERROR;
				CLANG_WARN_DOCUMENTATION_COMMENTS = YES;
				CLANG_WARN_EMPTY_BODY = YES;
				CLANG_WARN_ENUM_CONVERSION = YES;
				CLANG_WARN_INFINITE_RECURSION = YES;
				CLANG_WARN_INT_CONVERSION = YES;
				CLANG_WARN_NON_LITERAL_NULL_CONVERSION = YES;
				CLANG_WARN_OBJC_IMPLICIT_RETAIN_SELF = YES;
				CLANG_WARN_OBJC_LITERAL_CONVERSION = YES;
				CLANG_WARN_OBJC_ROOT_CLASS = YES_ERROR;
				CLANG_WARN_QUOTED_INCLUDE_IN_FRAMEWORK_HEADER = YES;
				CLANG_WARN_RANGE_LOOP_ANALYSIS = YES;
				CLANG_WARN_STRICT_PROTOTYPES = YES;
				CLANG_WARN_SUSPICIOUS_MOVE = YES;
				CLANG_WARN_UNGUARDED_AVAILABILITY = YES_AGGRESSIVE;
				CLANG_WARN_UNREACHABLE_CODE = YES;
				CLANG_WARN__DUPLICATE_METHOD_MATCH = YES;
				COPY_PHASE_STRIP = NO;
				DEBUG_INFORMATION_FORMAT = dwarf;
				ENABLE_STRICT_OBJC_MSGSEND = YES;
				ENABLE_TESTABILITY = YES;
				GCC_C_LANGUAGE_STANDARD = gnu11;
				GCC_DYNAMIC_NO_PIC = NO;
				GCC_NO_COMMON_BLOCKS = YES;
				GCC_OPTIMIZATION_LEVEL = 0;
				GCC_PREPROCESSOR_DEFINITIONS = (
					"DEBUG=1",
					"$(inherited)",
				);
				GCC_WARN_64_TO_32_BIT_CONVERSION = YES;
				GCC_WARN_ABOUT_RETURN_TYPE = YES_ERROR;
				GCC_WARN_UNDECLARED_SELECTOR = YES;
				GCC_WARN_UNINITIALIZED_AUTOS = YES_AGGRESSIVE;
				GCC_WARN_UNUSED_FUNCTION = YES;
				GCC_WARN_UNUSED_VARIABLE = YES;
				IPHONEOS_DEPLOYMENT_TARGET = 14.5;
				MTL_ENABLE_DEBUG_INFO = INCLUDE_SOURCE;
				MTL_FAST_MATH = YES;
				ONLY_ACTIVE_ARCH = YES;
				SDKROOT = iphoneos;
				SWIFT_ACTIVE_COMPILATION_CONDITIONS = DEBUG;
				SWIFT_OPTIMIZATION_LEVEL = "-Onone";
			};
			name = Debug;
		};
		32B06D4C26F3628900EA3EE3 /* Release */ = {
			isa = XCBuildConfiguration;
			buildSettings = {
				ALWAYS_SEARCH_USER_PATHS = NO;
				CLANG_ANALYZER_NONNULL = YES;
				CLANG_ANALYZER_NUMBER_OBJECT_CONVERSION = YES_AGGRESSIVE;
				CLANG_CXX_LANGUAGE_STANDARD = "gnu++14";
				CLANG_CXX_LIBRARY = "libc++";
				CLANG_ENABLE_MODULES = YES;
				CLANG_ENABLE_OBJC_ARC = YES;
				CLANG_ENABLE_OBJC_WEAK = YES;
				CLANG_WARN_BLOCK_CAPTURE_AUTORELEASING = YES;
				CLANG_WARN_BOOL_CONVERSION = YES;
				CLANG_WARN_COMMA = YES;
				CLANG_WARN_CONSTANT_CONVERSION = YES;
				CLANG_WARN_DEPRECATED_OBJC_IMPLEMENTATIONS = YES;
				CLANG_WARN_DIRECT_OBJC_ISA_USAGE = YES_ERROR;
				CLANG_WARN_DOCUMENTATION_COMMENTS = YES;
				CLANG_WARN_EMPTY_BODY = YES;
				CLANG_WARN_ENUM_CONVERSION = YES;
				CLANG_WARN_INFINITE_RECURSION = YES;
				CLANG_WARN_INT_CONVERSION = YES;
				CLANG_WARN_NON_LITERAL_NULL_CONVERSION = YES;
				CLANG_WARN_OBJC_IMPLICIT_RETAIN_SELF = YES;
				CLANG_WARN_OBJC_LITERAL_CONVERSION = YES;
				CLANG_WARN_OBJC_ROOT_CLASS = YES_ERROR;
				CLANG_WARN_QUOTED_INCLUDE_IN_FRAMEWORK_HEADER = YES;
				CLANG_WARN_RANGE_LOOP_ANALYSIS = YES;
				CLANG_WARN_STRICT_PROTOTYPES = YES;
				CLANG_WARN_SUSPICIOUS_MOVE = YES;
				CLANG_WARN_UNGUARDED_AVAILABILITY = YES_AGGRESSIVE;
				CLANG_WARN_UNREACHABLE_CODE = YES;
				CLANG_WARN__DUPLICATE_METHOD_MATCH = YES;
				COPY_PHASE_STRIP = NO;
				DEBUG_INFORMATION_FORMAT = "dwarf-with-dsym";
				ENABLE_NS_ASSERTIONS = NO;
				ENABLE_STRICT_OBJC_MSGSEND = YES;
				GCC_C_LANGUAGE_STANDARD = gnu11;
				GCC_NO_COMMON_BLOCKS = YES;
				GCC_WARN_64_TO_32_BIT_CONVERSION = YES;
				GCC_WARN_ABOUT_RETURN_TYPE = YES_ERROR;
				GCC_WARN_UNDECLARED_SELECTOR = YES;
				GCC_WARN_UNINITIALIZED_AUTOS = YES_AGGRESSIVE;
				GCC_WARN_UNUSED_FUNCTION = YES;
				GCC_WARN_UNUSED_VARIABLE = YES;
				IPHONEOS_DEPLOYMENT_TARGET = 14.5;
				MTL_ENABLE_DEBUG_INFO = NO;
				MTL_FAST_MATH = YES;
				SDKROOT = iphoneos;
				SWIFT_COMPILATION_MODE = wholemodule;
				SWIFT_OPTIMIZATION_LEVEL = "-O";
				VALIDATE_PRODUCT = YES;
			};
			name = Release;
		};
		32B06D4E26F3628900EA3EE3 /* Debug */ = {
			isa = XCBuildConfiguration;
			buildSettings = {
				ASSETCATALOG_COMPILER_APPICON_NAME = AppIcon;
				ASSETCATALOG_COMPILER_GLOBAL_ACCENT_COLOR_NAME = AccentColor;
				CODE_SIGN_STYLE = Automatic;
				INFOPLIST_FILE = "P5.Word Scramble/Info.plist";
				LD_RUNPATH_SEARCH_PATHS = (
					"$(inherited)",
					"@executable_path/Frameworks",
				);
				PRODUCT_BUNDLE_IDENTIFIER = "IlijaP.P5-Word-Scramble";
				PRODUCT_NAME = "$(TARGET_NAME)";
				SWIFT_VERSION = 5.0;
				TARGETED_DEVICE_FAMILY = "1,2";
			};
			name = Debug;
		};
		32B06D4F26F3628900EA3EE3 /* Release */ = {
			isa = XCBuildConfiguration;
			buildSettings = {
				ASSETCATALOG_COMPILER_APPICON_NAME = AppIcon;
				ASSETCATALOG_COMPILER_GLOBAL_ACCENT_COLOR_NAME = AccentColor;
				CODE_SIGN_STYLE = Automatic;
				INFOPLIST_FILE = "P5.Word Scramble/Info.plist";
				LD_RUNPATH_SEARCH_PATHS = (
					"$(inherited)",
					"@executable_path/Frameworks",
				);
				PRODUCT_BUNDLE_IDENTIFIER = "IlijaP.P5-Word-Scramble";
				PRODUCT_NAME = "$(TARGET_NAME)";
				SWIFT_VERSION = 5.0;
				TARGETED_DEVICE_FAMILY = "1,2";
			};
			name = Release;
		};
		32B06D5126F3628900EA3EE3 /* Debug */ = {
			isa = XCBuildConfiguration;
			buildSettings = {
				ALWAYS_EMBED_SWIFT_STANDARD_LIBRARIES = YES;
				BUNDLE_LOADER = "$(TEST_HOST)";
				CODE_SIGN_STYLE = Automatic;
				INFOPLIST_FILE = "P5.Word ScrambleTests/Info.plist";
				IPHONEOS_DEPLOYMENT_TARGET = 14.5;
				LD_RUNPATH_SEARCH_PATHS = (
					"$(inherited)",
					"@executable_path/Frameworks",
					"@loader_path/Frameworks",
				);
				PRODUCT_BUNDLE_IDENTIFIER = "IlijaP.P5-Word-ScrambleTests";
				PRODUCT_NAME = "$(TARGET_NAME)";
				SWIFT_VERSION = 5.0;
				TARGETED_DEVICE_FAMILY = "1,2";
				TEST_HOST = "$(BUILT_PRODUCTS_DIR)/P5.Word Scramble.app/P5.Word Scramble";
			};
			name = Debug;
		};
		32B06D5226F3628900EA3EE3 /* Release */ = {
			isa = XCBuildConfiguration;
			buildSettings = {
				ALWAYS_EMBED_SWIFT_STANDARD_LIBRARIES = YES;
				BUNDLE_LOADER = "$(TEST_HOST)";
				CODE_SIGN_STYLE = Automatic;
				INFOPLIST_FILE = "P5.Word ScrambleTests/Info.plist";
				IPHONEOS_DEPLOYMENT_TARGET = 14.5;
				LD_RUNPATH_SEARCH_PATHS = (
					"$(inherited)",
					"@executable_path/Frameworks",
					"@loader_path/Frameworks",
				);
				PRODUCT_BUNDLE_IDENTIFIER = "IlijaP.P5-Word-ScrambleTests";
				PRODUCT_NAME = "$(TARGET_NAME)";
				SWIFT_VERSION = 5.0;
				TARGETED_DEVICE_FAMILY = "1,2";
				TEST_HOST = "$(BUILT_PRODUCTS_DIR)/P5.Word Scramble.app/P5.Word Scramble";
			};
			name = Release;
		};
		32B06D5426F3628900EA3EE3 /* Debug */ = {
			isa = XCBuildConfiguration;
			buildSettings = {
				ALWAYS_EMBED_SWIFT_STANDARD_LIBRARIES = YES;
				CODE_SIGN_STYLE = Automatic;
				INFOPLIST_FILE = "P5.Word ScrambleUITests/Info.plist";
				LD_RUNPATH_SEARCH_PATHS = (
					"$(inherited)",
					"@executable_path/Frameworks",
					"@loader_path/Frameworks",
				);
				PRODUCT_BUNDLE_IDENTIFIER = "IlijaP.P5-Word-ScrambleUITests";
				PRODUCT_NAME = "$(TARGET_NAME)";
				SWIFT_VERSION = 5.0;
				TARGETED_DEVICE_FAMILY = "1,2";
				TEST_TARGET_NAME = "P5.Word Scramble";
			};
			name = Debug;
		};
		32B06D5526F3628900EA3EE3 /* Release */ = {
			isa = XCBuildConfiguration;
			buildSettings = {
				ALWAYS_EMBED_SWIFT_STANDARD_LIBRARIES = YES;
				CODE_SIGN_STYLE = Automatic;
				INFOPLIST_FILE = "P5.Word ScrambleUITests/Info.plist";
				LD_RUNPATH_SEARCH_PATHS = (
					"$(inherited)",
					"@executable_path/Frameworks",
					"@loader_path/Frameworks",
				);
				PRODUCT_BUNDLE_IDENTIFIER = "IlijaP.P5-Word-ScrambleUITests";
				PRODUCT_NAME = "$(TARGET_NAME)";
				SWIFT_VERSION = 5.0;
				TARGETED_DEVICE_FAMILY = "1,2";
				TEST_TARGET_NAME = "P5.Word Scramble";
			};
			name = Release;
		};
/* End XCBuildConfiguration section */

/* Begin XCConfigurationList section */
		32B06D1E26F3628600EA3EE3 /* Build configuration list for PBXProject "P5.Word Scramble" */ = {
			isa = XCConfigurationList;
			buildConfigurations = (
				32B06D4B26F3628900EA3EE3 /* Debug */,
				32B06D4C26F3628900EA3EE3 /* Release */,
			);
			defaultConfigurationIsVisible = 0;
			defaultConfigurationName = Release;
		};
		32B06D4D26F3628900EA3EE3 /* Build configuration list for PBXNativeTarget "P5.Word Scramble" */ = {
			isa = XCConfigurationList;
			buildConfigurations = (
				32B06D4E26F3628900EA3EE3 /* Debug */,
				32B06D4F26F3628900EA3EE3 /* Release */,
			);
			defaultConfigurationIsVisible = 0;
			defaultConfigurationName = Release;
		};
		32B06D5026F3628900EA3EE3 /* Build configuration list for PBXNativeTarget "P5.Word ScrambleTests" */ = {
			isa = XCConfigurationList;
			buildConfigurations = (
				32B06D5126F3628900EA3EE3 /* Debug */,
				32B06D5226F3628900EA3EE3 /* Release */,
			);
			defaultConfigurationIsVisible = 0;
			defaultConfigurationName = Release;
		};
		32B06D5326F3628900EA3EE3 /* Build configuration list for PBXNativeTarget "P5.Word ScrambleUITests" */ = {
			isa = XCConfigurationList;
			buildConfigurations = (
				32B06D5426F3628900EA3EE3 /* Debug */,
				32B06D5526F3628900EA3EE3 /* Release */,
			);
			defaultConfigurationIsVisible = 0;
			defaultConfigurationName = Release;
		};
/* End XCConfigurationList section */
	};
	rootObject = 32B06D1B26F3628600EA3EE3 /* Project object */;
}
